
Microsoft Visual Studio Solution File, Format Version 12.00
# Visual Studio Version 17
VisualStudioVersion = 17.10.35013.160
MinimumVisualStudioVersion = 10.0.40219.1
Project("{FAE04EC0-301F-11D3-BF4B-00C04F79EFBC}") = "exercicio9", "exercicio9\exercicio9.csproj", "{A4E5DCC9-5873-4BC8-99B0-482B46B15EDF}"
EndProject
Global
	GlobalSection(SolutionConfigurationPlatforms) = preSolution
		Debug|Any CPU = Debug|Any CPU
		Release|Any CPU = Release|Any CPU
	EndGlobalSection
	GlobalSection(ProjectConfigurationPlatforms) = postSolution
		{A4E5DCC9-5873-4BC8-99B0-482B46B15EDF}.Debug|Any CPU.ActiveCfg = Debug|Any CPU
		{A4E5DCC9-5873-4BC8-99B0-482B46B15EDF}.Debug|Any CPU.Build.0 = Debug|Any CPU
		{A4E5DCC9-5873-4BC8-99B0-482B46B15EDF}.Release|Any CPU.ActiveCfg = Release|Any CPU
		{A4E5DCC9-5873-4BC8-99B0-482B46B15EDF}.Release|Any CPU.Build.0 = Release|Any CPU
	EndGlobalSection
	GlobalSection(SolutionProperties) = preSolution
		HideSolutionNode = FALSE
	EndGlobalSection
	GlobalSection(ExtensibilityGlobals) = postSolution
		SolutionGuid = {E228236F-81E3-4CAF-BBBA-9A95D66A1EC3}
	EndGlobalSection
EndGlobal
