
Microsoft Visual Studio Solution File, Format Version 12.00
# Visual Studio Version 17
VisualStudioVersion = 17.10.35013.160
MinimumVisualStudioVersion = 10.0.40219.1
Project("{FAE04EC0-301F-11D3-BF4B-00C04F79EFBC}") = "Exercício7", "Exercício7\Exercício7.csproj", "{73E6A4E0-F121-408B-931E-D4F19A203B94}"
EndProject
Global
	GlobalSection(SolutionConfigurationPlatforms) = preSolution
		Debug|Any CPU = Debug|Any CPU
		Release|Any CPU = Release|Any CPU
	EndGlobalSection
	GlobalSection(ProjectConfigurationPlatforms) = postSolution
		{73E6A4E0-F121-408B-931E-D4F19A203B94}.Debug|Any CPU.ActiveCfg = Debug|Any CPU
		{73E6A4E0-F121-408B-931E-D4F19A203B94}.Debug|Any CPU.Build.0 = Debug|Any CPU
		{73E6A4E0-F121-408B-931E-D4F19A203B94}.Release|Any CPU.ActiveCfg = Release|Any CPU
		{73E6A4E0-F121-408B-931E-D4F19A203B94}.Release|Any CPU.Build.0 = Release|Any CPU
	EndGlobalSection
	GlobalSection(SolutionProperties) = preSolution
		HideSolutionNode = FALSE
	EndGlobalSection
	GlobalSection(ExtensibilityGlobals) = postSolution
		SolutionGuid = {2DC606E8-6848-4784-BB94-B2A0173D3C54}
	EndGlobalSection
EndGlobal
